
Microsoft Visual Studio Solution File, Format Version 12.00
# Visual Studio Version 17
VisualStudioVersion = 17.5.33502.453
MinimumVisualStudioVersion = 10.0.40219.1
Project("{9A19103F-16F7-4668-BE54-9A1E7A4F7556}") = "BlazorServerSide", "BlazorServerSide\BlazorServerSide.csproj", "{B7A4F76E-6E6B-4042-B3D3-462AA0A8FDE9}"
EndProject
Global
	GlobalSection(SolutionConfigurationPlatforms) = preSolution
		Debug|Any CPU = Debug|Any CPU
		Release|Any CPU = Release|Any CPU
	EndGlobalSection
	GlobalSection(ProjectConfigurationPlatforms) = postSolution
		{B7A4F76E-6E6B-4042-B3D3-462AA0A8FDE9}.Debug|Any CPU.ActiveCfg = Debug|Any CPU
		{B7A4F76E-6E6B-4042-B3D3-462AA0A8FDE9}.Debug|Any CPU.Build.0 = Debug|Any CPU
		{B7A4F76E-6E6B-4042-B3D3-462AA0A8FDE9}.Release|Any CPU.ActiveCfg = Release|Any CPU
		{B7A4F76E-6E6B-4042-B3D3-462AA0A8FDE9}.Release|Any CPU.Build.0 = Release|Any CPU
	EndGlobalSection
	GlobalSection(SolutionProperties) = preSolution
		HideSolutionNode = FALSE
	EndGlobalSection
	GlobalSection(ExtensibilityGlobals) = postSolution
		SolutionGuid = {263274B6-1B23-406E-A837-FB3CDF27F251}
	EndGlobalSection
EndGlobal
